{
    "name": "api-server-flask",
    "version": "1.0.0",
    "lockfileVersion": 3,
    "requires": true,
    "packages": {
        "": {
            "name": "api-server-flask",
            "version": "1.0.0",
            "dependencies": {
                "api-server-flask": "file:"
            },
            "devDependencies": {},
            "engines": {
                "node": ">=10.0.0"
            }
        },
        "node_modules/api-server-flask": {
            "resolved": "",
            "link": true
        }
    }
}
